
Microsoft Visual Studio Solution File, Format Version 12.00
# Visual Studio Version 17
VisualStudioVersion = 17.8.34309.116
MinimumVisualStudioVersion = 10.0.40219.1
Project("{8BC9CEB8-8B4A-11D0-8D11-00A0C91BC942}") = "tasks", "tasks\tasks.vcxproj", "{41858C97-0D0F-4002-89B8-390B2529264D}"
EndProject
Project("{8BC9CEB8-8B4A-11D0-8D11-00A0C91BC942}") = "task4.2", "task4.2\task4.2.vcxproj", "{3BD3BF5E-E96C-48BD-BEE8-375BA5B26E58}"
EndProject
Global
	GlobalSection(SolutionConfigurationPlatforms) = preSolution
		Debug|x64 = Debug|x64
		Debug|x86 = Debug|x86
		Release|x64 = Release|x64
		Release|x86 = Release|x86
	EndGlobalSection
	GlobalSection(ProjectConfigurationPlatforms) = postSolution
		{41858C97-0D0F-4002-89B8-390B2529264D}.Debug|x64.ActiveCfg = Debug|x64
		{41858C97-0D0F-4002-89B8-390B2529264D}.Debug|x64.Build.0 = Debug|x64
		{41858C97-0D0F-4002-89B8-390B2529264D}.Debug|x86.ActiveCfg = Debug|Win32
		{41858C97-0D0F-4002-89B8-390B2529264D}.Debug|x86.Build.0 = Debug|Win32
		{41858C97-0D0F-4002-89B8-390B2529264D}.Release|x64.ActiveCfg = Release|x64
		{41858C97-0D0F-4002-89B8-390B2529264D}.Release|x64.Build.0 = Release|x64
		{41858C97-0D0F-4002-89B8-390B2529264D}.Release|x86.ActiveCfg = Release|Win32
		{41858C97-0D0F-4002-89B8-390B2529264D}.Release|x86.Build.0 = Release|Win32
		{3BD3BF5E-E96C-48BD-BEE8-375BA5B26E58}.Debug|x64.ActiveCfg = Debug|x64
		{3BD3BF5E-E96C-48BD-BEE8-375BA5B26E58}.Debug|x64.Build.0 = Debug|x64
		{3BD3BF5E-E96C-48BD-BEE8-375BA5B26E58}.Debug|x86.ActiveCfg = Debug|Win32
		{3BD3BF5E-E96C-48BD-BEE8-375BA5B26E58}.Debug|x86.Build.0 = Debug|Win32
		{3BD3BF5E-E96C-48BD-BEE8-375BA5B26E58}.Release|x64.ActiveCfg = Release|x64
		{3BD3BF5E-E96C-48BD-BEE8-375BA5B26E58}.Release|x64.Build.0 = Release|x64
		{3BD3BF5E-E96C-48BD-BEE8-375BA5B26E58}.Release|x86.ActiveCfg = Release|Win32
		{3BD3BF5E-E96C-48BD-BEE8-375BA5B26E58}.Release|x86.Build.0 = Release|Win32
	EndGlobalSection
	GlobalSection(SolutionProperties) = preSolution
		HideSolutionNode = FALSE
	EndGlobalSection
	GlobalSection(ExtensibilityGlobals) = postSolution
		SolutionGuid = {32FB08AA-650B-4A7A-BA1F-6C1853F95A78}
	EndGlobalSection
EndGlobal
