
Microsoft Visual Studio Solution File, Format Version 12.00
# Visual Studio Version 17
VisualStudioVersion = 17.8.34309.116
MinimumVisualStudioVersion = 10.0.40219.1
Project("{8BC9CEB8-8B4A-11D0-8D11-00A0C91BC942}") = "task1", "task1\task1.vcxproj", "{E98EB6ED-5A91-4DB1-982F-7A734F742DEC}"
EndProject
Project("{8BC9CEB8-8B4A-11D0-8D11-00A0C91BC942}") = "task2", "task2\task2.vcxproj", "{C7816D38-FCD5-485F-8608-050EB0D1E0F9}"
EndProject
Project("{8BC9CEB8-8B4A-11D0-8D11-00A0C91BC942}") = "task3", "task3\task3.vcxproj", "{F0ADF163-1D71-4E4E-8DD7-A4426FC25A49}"
EndProject
Project("{8BC9CEB8-8B4A-11D0-8D11-00A0C91BC942}") = "task4", "task4\task4.vcxproj", "{32ADFBBE-C1C8-4226-AA9B-85F53AD026D8}"
EndProject
Project("{8BC9CEB8-8B4A-11D0-8D11-00A0C91BC942}") = "task5", "task5\task5.vcxproj", "{B3C0E478-05EB-47DA-A6E6-4D14ACC367DC}"
EndProject
Global
	GlobalSection(SolutionConfigurationPlatforms) = preSolution
		Debug|x64 = Debug|x64
		Debug|x86 = Debug|x86
		Release|x64 = Release|x64
		Release|x86 = Release|x86
	EndGlobalSection
	GlobalSection(ProjectConfigurationPlatforms) = postSolution
		{E98EB6ED-5A91-4DB1-982F-7A734F742DEC}.Debug|x64.ActiveCfg = Debug|x64
		{E98EB6ED-5A91-4DB1-982F-7A734F742DEC}.Debug|x64.Build.0 = Debug|x64
		{E98EB6ED-5A91-4DB1-982F-7A734F742DEC}.Debug|x86.ActiveCfg = Debug|Win32
		{E98EB6ED-5A91-4DB1-982F-7A734F742DEC}.Debug|x86.Build.0 = Debug|Win32
		{E98EB6ED-5A91-4DB1-982F-7A734F742DEC}.Release|x64.ActiveCfg = Release|x64
		{E98EB6ED-5A91-4DB1-982F-7A734F742DEC}.Release|x64.Build.0 = Release|x64
		{E98EB6ED-5A91-4DB1-982F-7A734F742DEC}.Release|x86.ActiveCfg = Release|Win32
		{E98EB6ED-5A91-4DB1-982F-7A734F742DEC}.Release|x86.Build.0 = Release|Win32
		{C7816D38-FCD5-485F-8608-050EB0D1E0F9}.Debug|x64.ActiveCfg = Debug|x64
		{C7816D38-FCD5-485F-8608-050EB0D1E0F9}.Debug|x64.Build.0 = Debug|x64
		{C7816D38-FCD5-485F-8608-050EB0D1E0F9}.Debug|x86.ActiveCfg = Debug|Win32
		{C7816D38-FCD5-485F-8608-050EB0D1E0F9}.Debug|x86.Build.0 = Debug|Win32
		{C7816D38-FCD5-485F-8608-050EB0D1E0F9}.Release|x64.ActiveCfg = Release|x64
		{C7816D38-FCD5-485F-8608-050EB0D1E0F9}.Release|x64.Build.0 = Release|x64
		{C7816D38-FCD5-485F-8608-050EB0D1E0F9}.Release|x86.ActiveCfg = Release|Win32
		{C7816D38-FCD5-485F-8608-050EB0D1E0F9}.Release|x86.Build.0 = Release|Win32
		{F0ADF163-1D71-4E4E-8DD7-A4426FC25A49}.Debug|x64.ActiveCfg = Debug|x64
		{F0ADF163-1D71-4E4E-8DD7-A4426FC25A49}.Debug|x64.Build.0 = Debug|x64
		{F0ADF163-1D71-4E4E-8DD7-A4426FC25A49}.Debug|x86.ActiveCfg = Debug|Win32
		{F0ADF163-1D71-4E4E-8DD7-A4426FC25A49}.Debug|x86.Build.0 = Debug|Win32
		{F0ADF163-1D71-4E4E-8DD7-A4426FC25A49}.Release|x64.ActiveCfg = Release|x64
		{F0ADF163-1D71-4E4E-8DD7-A4426FC25A49}.Release|x64.Build.0 = Release|x64
		{F0ADF163-1D71-4E4E-8DD7-A4426FC25A49}.Release|x86.ActiveCfg = Release|Win32
		{F0ADF163-1D71-4E4E-8DD7-A4426FC25A49}.Release|x86.Build.0 = Release|Win32
		{32ADFBBE-C1C8-4226-AA9B-85F53AD026D8}.Debug|x64.ActiveCfg = Debug|x64
		{32ADFBBE-C1C8-4226-AA9B-85F53AD026D8}.Debug|x64.Build.0 = Debug|x64
		{32ADFBBE-C1C8-4226-AA9B-85F53AD026D8}.Debug|x86.ActiveCfg = Debug|Win32
		{32ADFBBE-C1C8-4226-AA9B-85F53AD026D8}.Debug|x86.Build.0 = Debug|Win32
		{32ADFBBE-C1C8-4226-AA9B-85F53AD026D8}.Release|x64.ActiveCfg = Release|x64
		{32ADFBBE-C1C8-4226-AA9B-85F53AD026D8}.Release|x64.Build.0 = Release|x64
		{32ADFBBE-C1C8-4226-AA9B-85F53AD026D8}.Release|x86.ActiveCfg = Release|Win32
		{32ADFBBE-C1C8-4226-AA9B-85F53AD026D8}.Release|x86.Build.0 = Release|Win32
		{B3C0E478-05EB-47DA-A6E6-4D14ACC367DC}.Debug|x64.ActiveCfg = Debug|x64
		{B3C0E478-05EB-47DA-A6E6-4D14ACC367DC}.Debug|x64.Build.0 = Debug|x64
		{B3C0E478-05EB-47DA-A6E6-4D14ACC367DC}.Debug|x86.ActiveCfg = Debug|Win32
		{B3C0E478-05EB-47DA-A6E6-4D14ACC367DC}.Debug|x86.Build.0 = Debug|Win32
		{B3C0E478-05EB-47DA-A6E6-4D14ACC367DC}.Release|x64.ActiveCfg = Release|x64
		{B3C0E478-05EB-47DA-A6E6-4D14ACC367DC}.Release|x64.Build.0 = Release|x64
		{B3C0E478-05EB-47DA-A6E6-4D14ACC367DC}.Release|x86.ActiveCfg = Release|Win32
		{B3C0E478-05EB-47DA-A6E6-4D14ACC367DC}.Release|x86.Build.0 = Release|Win32
	EndGlobalSection
	GlobalSection(SolutionProperties) = preSolution
		HideSolutionNode = FALSE
	EndGlobalSection
	GlobalSection(ExtensibilityGlobals) = postSolution
		SolutionGuid = {2710BDB7-7CA8-4BC8-AEAA-2408CF88DD4C}
	EndGlobalSection
EndGlobal
