
Microsoft Visual Studio Solution File, Format Version 12.00
# Visual Studio Version 17
VisualStudioVersion = 17.7.34031.279
MinimumVisualStudioVersion = 10.0.40219.1
Project("{8BC9CEB8-8B4A-11D0-8D11-00A0C91BC942}") = "lab5.6", "lab5.6.vcxproj", "{E84E439D-79F3-499E-8F9C-77B8D0C842D7}"
EndProject
Project("{8BC9CEB8-8B4A-11D0-8D11-00A0C91BC942}") = "lab5.7", "..\lab5.7\lab5.7.vcxproj", "{511D1BB7-17FC-489B-A202-800472D637D7}"
EndProject
Global
	GlobalSection(SolutionConfigurationPlatforms) = preSolution
		Debug|x64 = Debug|x64
		Debug|x86 = Debug|x86
		Release|x64 = Release|x64
		Release|x86 = Release|x86
	EndGlobalSection
	GlobalSection(ProjectConfigurationPlatforms) = postSolution
		{E84E439D-79F3-499E-8F9C-77B8D0C842D7}.Debug|x64.ActiveCfg = Debug|x64
		{E84E439D-79F3-499E-8F9C-77B8D0C842D7}.Debug|x64.Build.0 = Debug|x64
		{E84E439D-79F3-499E-8F9C-77B8D0C842D7}.Debug|x86.ActiveCfg = Debug|Win32
		{E84E439D-79F3-499E-8F9C-77B8D0C842D7}.Debug|x86.Build.0 = Debug|Win32
		{E84E439D-79F3-499E-8F9C-77B8D0C842D7}.Release|x64.ActiveCfg = Release|x64
		{E84E439D-79F3-499E-8F9C-77B8D0C842D7}.Release|x64.Build.0 = Release|x64
		{E84E439D-79F3-499E-8F9C-77B8D0C842D7}.Release|x86.ActiveCfg = Release|Win32
		{E84E439D-79F3-499E-8F9C-77B8D0C842D7}.Release|x86.Build.0 = Release|Win32
		{511D1BB7-17FC-489B-A202-800472D637D7}.Debug|x64.ActiveCfg = Debug|x64
		{511D1BB7-17FC-489B-A202-800472D637D7}.Debug|x64.Build.0 = Debug|x64
		{511D1BB7-17FC-489B-A202-800472D637D7}.Debug|x86.ActiveCfg = Debug|Win32
		{511D1BB7-17FC-489B-A202-800472D637D7}.Debug|x86.Build.0 = Debug|Win32
		{511D1BB7-17FC-489B-A202-800472D637D7}.Release|x64.ActiveCfg = Release|x64
		{511D1BB7-17FC-489B-A202-800472D637D7}.Release|x64.Build.0 = Release|x64
		{511D1BB7-17FC-489B-A202-800472D637D7}.Release|x86.ActiveCfg = Release|Win32
		{511D1BB7-17FC-489B-A202-800472D637D7}.Release|x86.Build.0 = Release|Win32
	EndGlobalSection
	GlobalSection(SolutionProperties) = preSolution
		HideSolutionNode = FALSE
	EndGlobalSection
	GlobalSection(ExtensibilityGlobals) = postSolution
		SolutionGuid = {9B55242D-8C30-45E8-998C-B841AB1EC19C}
	EndGlobalSection
EndGlobal
