
Microsoft Visual Studio Solution File, Format Version 12.00
# Visual Studio Version 17
VisualStudioVersion = 17.8.34309.116
MinimumVisualStudioVersion = 10.0.40219.1
Project("{8BC9CEB8-8B4A-11D0-8D11-00A0C91BC942}") = "task15", "task15\task15.vcxproj", "{DD739B92-1654-405C-8039-DC90C110B335}"
EndProject
Project("{8BC9CEB8-8B4A-11D0-8D11-00A0C91BC942}") = "task2", "task2\task2.vcxproj", "{F7FF517E-056F-4E69-A35C-1E2A23B0833D}"
EndProject
Project("{8BC9CEB8-8B4A-11D0-8D11-00A0C91BC942}") = "task3", "task3\task3.vcxproj", "{C30BCE55-740A-493D-B189-443D48CCF871}"
EndProject
Project("{8BC9CEB8-8B4A-11D0-8D11-00A0C91BC942}") = "task4", "task4\task4.vcxproj", "{125C0F00-0EBD-48C2-88A4-E2E49DD0260F}"
EndProject
Global
	GlobalSection(SolutionConfigurationPlatforms) = preSolution
		Debug|x64 = Debug|x64
		Debug|x86 = Debug|x86
		Release|x64 = Release|x64
		Release|x86 = Release|x86
	EndGlobalSection
	GlobalSection(ProjectConfigurationPlatforms) = postSolution
		{DD739B92-1654-405C-8039-DC90C110B335}.Debug|x64.ActiveCfg = Debug|x64
		{DD739B92-1654-405C-8039-DC90C110B335}.Debug|x64.Build.0 = Debug|x64
		{DD739B92-1654-405C-8039-DC90C110B335}.Debug|x86.ActiveCfg = Debug|Win32
		{DD739B92-1654-405C-8039-DC90C110B335}.Debug|x86.Build.0 = Debug|Win32
		{DD739B92-1654-405C-8039-DC90C110B335}.Release|x64.ActiveCfg = Release|x64
		{DD739B92-1654-405C-8039-DC90C110B335}.Release|x64.Build.0 = Release|x64
		{DD739B92-1654-405C-8039-DC90C110B335}.Release|x86.ActiveCfg = Release|Win32
		{DD739B92-1654-405C-8039-DC90C110B335}.Release|x86.Build.0 = Release|Win32
		{F7FF517E-056F-4E69-A35C-1E2A23B0833D}.Debug|x64.ActiveCfg = Debug|x64
		{F7FF517E-056F-4E69-A35C-1E2A23B0833D}.Debug|x64.Build.0 = Debug|x64
		{F7FF517E-056F-4E69-A35C-1E2A23B0833D}.Debug|x86.ActiveCfg = Debug|Win32
		{F7FF517E-056F-4E69-A35C-1E2A23B0833D}.Debug|x86.Build.0 = Debug|Win32
		{F7FF517E-056F-4E69-A35C-1E2A23B0833D}.Release|x64.ActiveCfg = Release|x64
		{F7FF517E-056F-4E69-A35C-1E2A23B0833D}.Release|x64.Build.0 = Release|x64
		{F7FF517E-056F-4E69-A35C-1E2A23B0833D}.Release|x86.ActiveCfg = Release|Win32
		{F7FF517E-056F-4E69-A35C-1E2A23B0833D}.Release|x86.Build.0 = Release|Win32
		{C30BCE55-740A-493D-B189-443D48CCF871}.Debug|x64.ActiveCfg = Debug|x64
		{C30BCE55-740A-493D-B189-443D48CCF871}.Debug|x64.Build.0 = Debug|x64
		{C30BCE55-740A-493D-B189-443D48CCF871}.Debug|x86.ActiveCfg = Debug|Win32
		{C30BCE55-740A-493D-B189-443D48CCF871}.Debug|x86.Build.0 = Debug|Win32
		{C30BCE55-740A-493D-B189-443D48CCF871}.Release|x64.ActiveCfg = Release|x64
		{C30BCE55-740A-493D-B189-443D48CCF871}.Release|x64.Build.0 = Release|x64
		{C30BCE55-740A-493D-B189-443D48CCF871}.Release|x86.ActiveCfg = Release|Win32
		{C30BCE55-740A-493D-B189-443D48CCF871}.Release|x86.Build.0 = Release|Win32
		{125C0F00-0EBD-48C2-88A4-E2E49DD0260F}.Debug|x64.ActiveCfg = Debug|x64
		{125C0F00-0EBD-48C2-88A4-E2E49DD0260F}.Debug|x64.Build.0 = Debug|x64
		{125C0F00-0EBD-48C2-88A4-E2E49DD0260F}.Debug|x86.ActiveCfg = Debug|Win32
		{125C0F00-0EBD-48C2-88A4-E2E49DD0260F}.Debug|x86.Build.0 = Debug|Win32
		{125C0F00-0EBD-48C2-88A4-E2E49DD0260F}.Release|x64.ActiveCfg = Release|x64
		{125C0F00-0EBD-48C2-88A4-E2E49DD0260F}.Release|x64.Build.0 = Release|x64
		{125C0F00-0EBD-48C2-88A4-E2E49DD0260F}.Release|x86.ActiveCfg = Release|Win32
		{125C0F00-0EBD-48C2-88A4-E2E49DD0260F}.Release|x86.Build.0 = Release|Win32
	EndGlobalSection
	GlobalSection(SolutionProperties) = preSolution
		HideSolutionNode = FALSE
	EndGlobalSection
	GlobalSection(ExtensibilityGlobals) = postSolution
		SolutionGuid = {E9C01EDA-3E0E-49F2-B3D9-B7B2823CFC4C}
	EndGlobalSection
EndGlobal
