
Microsoft Visual Studio Solution File, Format Version 12.00
# Visual Studio Version 17
VisualStudioVersion = 17.7.34221.43
MinimumVisualStudioVersion = 10.0.40219.1
Project("{8BC9CEB8-8B4A-11D0-8D11-00A0C91BC942}") = "task2", "task2\task2.vcxproj", "{220FF045-5CA3-4E65-9791-02E3AFAE5B73}"
EndProject
Project("{8BC9CEB8-8B4A-11D0-8D11-00A0C91BC942}") = "task5", "task5\task5.vcxproj", "{7CCC0BBA-103F-42E5-AB88-6EDC02045DBB}"
EndProject
Project("{8BC9CEB8-8B4A-11D0-8D11-00A0C91BC942}") = "task5.2var10", "task5.2var10\task5.2var10.vcxproj", "{9FABE4C7-A9E7-4290-B351-A0E78611B3AD}"
EndProject
Global
	GlobalSection(SolutionConfigurationPlatforms) = preSolution
		Debug|x64 = Debug|x64
		Debug|x86 = Debug|x86
		Release|x64 = Release|x64
		Release|x86 = Release|x86
	EndGlobalSection
	GlobalSection(ProjectConfigurationPlatforms) = postSolution
		{220FF045-5CA3-4E65-9791-02E3AFAE5B73}.Debug|x64.ActiveCfg = Debug|x64
		{220FF045-5CA3-4E65-9791-02E3AFAE5B73}.Debug|x64.Build.0 = Debug|x64
		{220FF045-5CA3-4E65-9791-02E3AFAE5B73}.Debug|x86.ActiveCfg = Debug|Win32
		{220FF045-5CA3-4E65-9791-02E3AFAE5B73}.Debug|x86.Build.0 = Debug|Win32
		{220FF045-5CA3-4E65-9791-02E3AFAE5B73}.Release|x64.ActiveCfg = Release|x64
		{220FF045-5CA3-4E65-9791-02E3AFAE5B73}.Release|x64.Build.0 = Release|x64
		{220FF045-5CA3-4E65-9791-02E3AFAE5B73}.Release|x86.ActiveCfg = Release|Win32
		{220FF045-5CA3-4E65-9791-02E3AFAE5B73}.Release|x86.Build.0 = Release|Win32
		{7CCC0BBA-103F-42E5-AB88-6EDC02045DBB}.Debug|x64.ActiveCfg = Debug|x64
		{7CCC0BBA-103F-42E5-AB88-6EDC02045DBB}.Debug|x64.Build.0 = Debug|x64
		{7CCC0BBA-103F-42E5-AB88-6EDC02045DBB}.Debug|x86.ActiveCfg = Debug|Win32
		{7CCC0BBA-103F-42E5-AB88-6EDC02045DBB}.Debug|x86.Build.0 = Debug|Win32
		{7CCC0BBA-103F-42E5-AB88-6EDC02045DBB}.Release|x64.ActiveCfg = Release|x64
		{7CCC0BBA-103F-42E5-AB88-6EDC02045DBB}.Release|x64.Build.0 = Release|x64
		{7CCC0BBA-103F-42E5-AB88-6EDC02045DBB}.Release|x86.ActiveCfg = Release|Win32
		{7CCC0BBA-103F-42E5-AB88-6EDC02045DBB}.Release|x86.Build.0 = Release|Win32
		{9FABE4C7-A9E7-4290-B351-A0E78611B3AD}.Debug|x64.ActiveCfg = Debug|x64
		{9FABE4C7-A9E7-4290-B351-A0E78611B3AD}.Debug|x64.Build.0 = Debug|x64
		{9FABE4C7-A9E7-4290-B351-A0E78611B3AD}.Debug|x86.ActiveCfg = Debug|Win32
		{9FABE4C7-A9E7-4290-B351-A0E78611B3AD}.Debug|x86.Build.0 = Debug|Win32
		{9FABE4C7-A9E7-4290-B351-A0E78611B3AD}.Release|x64.ActiveCfg = Release|x64
		{9FABE4C7-A9E7-4290-B351-A0E78611B3AD}.Release|x64.Build.0 = Release|x64
		{9FABE4C7-A9E7-4290-B351-A0E78611B3AD}.Release|x86.ActiveCfg = Release|Win32
		{9FABE4C7-A9E7-4290-B351-A0E78611B3AD}.Release|x86.Build.0 = Release|Win32
	EndGlobalSection
	GlobalSection(SolutionProperties) = preSolution
		HideSolutionNode = FALSE
	EndGlobalSection
	GlobalSection(ExtensibilityGlobals) = postSolution
		SolutionGuid = {8C77A157-69E0-4CCB-970A-F99A49A126B4}
	EndGlobalSection
EndGlobal
