
Microsoft Visual Studio Solution File, Format Version 12.00
# Visual Studio Version 17
VisualStudioVersion = 17.7.34221.43
MinimumVisualStudioVersion = 10.0.40219.1
Project("{8BC9CEB8-8B4A-11D0-8D11-00A0C91BC942}") = "task3", "task3\task3.vcxproj", "{CD89F875-2BDD-4216-8156-0EA79F038A56}"
EndProject
Global
	GlobalSection(SolutionConfigurationPlatforms) = preSolution
		Debug|x64 = Debug|x64
		Debug|x86 = Debug|x86
		Release|x64 = Release|x64
		Release|x86 = Release|x86
	EndGlobalSection
	GlobalSection(ProjectConfigurationPlatforms) = postSolution
		{CD89F875-2BDD-4216-8156-0EA79F038A56}.Debug|x64.ActiveCfg = Debug|x64
		{CD89F875-2BDD-4216-8156-0EA79F038A56}.Debug|x64.Build.0 = Debug|x64
		{CD89F875-2BDD-4216-8156-0EA79F038A56}.Debug|x86.ActiveCfg = Debug|Win32
		{CD89F875-2BDD-4216-8156-0EA79F038A56}.Debug|x86.Build.0 = Debug|Win32
		{CD89F875-2BDD-4216-8156-0EA79F038A56}.Release|x64.ActiveCfg = Release|x64
		{CD89F875-2BDD-4216-8156-0EA79F038A56}.Release|x64.Build.0 = Release|x64
		{CD89F875-2BDD-4216-8156-0EA79F038A56}.Release|x86.ActiveCfg = Release|Win32
		{CD89F875-2BDD-4216-8156-0EA79F038A56}.Release|x86.Build.0 = Release|Win32
	EndGlobalSection
	GlobalSection(SolutionProperties) = preSolution
		HideSolutionNode = FALSE
	EndGlobalSection
	GlobalSection(ExtensibilityGlobals) = postSolution
		SolutionGuid = {5C886E92-D0EF-4D6B-BF78-9344F3E2E546}
	EndGlobalSection
EndGlobal
