
Microsoft Visual Studio Solution File, Format Version 12.00
# Visual Studio Version 17
VisualStudioVersion = 17.7.34031.279
MinimumVisualStudioVersion = 10.0.40219.1
Project("{8BC9CEB8-8B4A-11D0-8D11-00A0C91BC942}") = "lab6.5", "lab6.5.vcxproj", "{18FDB231-60BF-44D4-BCC1-7E5D1D5D3802}"
EndProject
Project("{8BC9CEB8-8B4A-11D0-8D11-00A0C91BC942}") = "lab6.5.2", "..\lab6.5.2\lab6.5.2.vcxproj", "{E8DC3D0C-9114-408C-A8E1-39E20892678F}"
EndProject
Project("{8BC9CEB8-8B4A-11D0-8D11-00A0C91BC942}") = "lab6.5.3", "..\lab6.5.3\lab6.5.3.vcxproj", "{B4CEEB17-DE95-418C-8F42-DFBB6238550E}"
EndProject
Global
	GlobalSection(SolutionConfigurationPlatforms) = preSolution
		Debug|x64 = Debug|x64
		Debug|x86 = Debug|x86
		Release|x64 = Release|x64
		Release|x86 = Release|x86
	EndGlobalSection
	GlobalSection(ProjectConfigurationPlatforms) = postSolution
		{18FDB231-60BF-44D4-BCC1-7E5D1D5D3802}.Debug|x64.ActiveCfg = Debug|x64
		{18FDB231-60BF-44D4-BCC1-7E5D1D5D3802}.Debug|x64.Build.0 = Debug|x64
		{18FDB231-60BF-44D4-BCC1-7E5D1D5D3802}.Debug|x86.ActiveCfg = Debug|Win32
		{18FDB231-60BF-44D4-BCC1-7E5D1D5D3802}.Debug|x86.Build.0 = Debug|Win32
		{18FDB231-60BF-44D4-BCC1-7E5D1D5D3802}.Release|x64.ActiveCfg = Release|x64
		{18FDB231-60BF-44D4-BCC1-7E5D1D5D3802}.Release|x64.Build.0 = Release|x64
		{18FDB231-60BF-44D4-BCC1-7E5D1D5D3802}.Release|x86.ActiveCfg = Release|Win32
		{18FDB231-60BF-44D4-BCC1-7E5D1D5D3802}.Release|x86.Build.0 = Release|Win32
		{E8DC3D0C-9114-408C-A8E1-39E20892678F}.Debug|x64.ActiveCfg = Debug|x64
		{E8DC3D0C-9114-408C-A8E1-39E20892678F}.Debug|x64.Build.0 = Debug|x64
		{E8DC3D0C-9114-408C-A8E1-39E20892678F}.Debug|x86.ActiveCfg = Debug|Win32
		{E8DC3D0C-9114-408C-A8E1-39E20892678F}.Debug|x86.Build.0 = Debug|Win32
		{E8DC3D0C-9114-408C-A8E1-39E20892678F}.Release|x64.ActiveCfg = Release|x64
		{E8DC3D0C-9114-408C-A8E1-39E20892678F}.Release|x64.Build.0 = Release|x64
		{E8DC3D0C-9114-408C-A8E1-39E20892678F}.Release|x86.ActiveCfg = Release|Win32
		{E8DC3D0C-9114-408C-A8E1-39E20892678F}.Release|x86.Build.0 = Release|Win32
		{B4CEEB17-DE95-418C-8F42-DFBB6238550E}.Debug|x64.ActiveCfg = Debug|x64
		{B4CEEB17-DE95-418C-8F42-DFBB6238550E}.Debug|x64.Build.0 = Debug|x64
		{B4CEEB17-DE95-418C-8F42-DFBB6238550E}.Debug|x86.ActiveCfg = Debug|Win32
		{B4CEEB17-DE95-418C-8F42-DFBB6238550E}.Debug|x86.Build.0 = Debug|Win32
		{B4CEEB17-DE95-418C-8F42-DFBB6238550E}.Release|x64.ActiveCfg = Release|x64
		{B4CEEB17-DE95-418C-8F42-DFBB6238550E}.Release|x64.Build.0 = Release|x64
		{B4CEEB17-DE95-418C-8F42-DFBB6238550E}.Release|x86.ActiveCfg = Release|Win32
		{B4CEEB17-DE95-418C-8F42-DFBB6238550E}.Release|x86.Build.0 = Release|Win32
	EndGlobalSection
	GlobalSection(SolutionProperties) = preSolution
		HideSolutionNode = FALSE
	EndGlobalSection
	GlobalSection(ExtensibilityGlobals) = postSolution
		SolutionGuid = {3C4F7763-AA07-4647-BC92-908E25D0141F}
	EndGlobalSection
EndGlobal
